
Microsoft Visual Studio Solution File, Format Version 12.00
Project("{FAE04EC0-301F-11D3-BF4B-00C04F79EFBC}") = "CollaborativeMusicApp", "CollaborativeMusicApp\CollaborativeMusicApp.csproj", "{19CB6E61-0D0E-409E-8A0B-A387BF5BCBB2}"
EndProject
Project("{FAE04EC0-301F-11D3-BF4B-00C04F79EFBC}") = "CollaborativeMusicApp.Domain", "CollaborativeMusicApp.Domain\CollaborativeMusicApp.Domain.csproj", "{663347B3-5B7A-425D-B340-A71F54B6D12C}"
EndProject
Global
	GlobalSection(SolutionConfigurationPlatforms) = preSolution
		Debug|Any CPU = Debug|Any CPU
		Release|Any CPU = Release|Any CPU
	EndGlobalSection
	GlobalSection(ProjectConfigurationPlatforms) = postSolution
		{19CB6E61-0D0E-409E-8A0B-A387BF5BCBB2}.Debug|Any CPU.ActiveCfg = Debug|Any CPU
		{19CB6E61-0D0E-409E-8A0B-A387BF5BCBB2}.Debug|Any CPU.Build.0 = Debug|Any CPU
		{19CB6E61-0D0E-409E-8A0B-A387BF5BCBB2}.Release|Any CPU.ActiveCfg = Release|Any CPU
		{19CB6E61-0D0E-409E-8A0B-A387BF5BCBB2}.Release|Any CPU.Build.0 = Release|Any CPU
		{663347B3-5B7A-425D-B340-A71F54B6D12C}.Debug|Any CPU.ActiveCfg = Debug|Any CPU
		{663347B3-5B7A-425D-B340-A71F54B6D12C}.Debug|Any CPU.Build.0 = Debug|Any CPU
		{663347B3-5B7A-425D-B340-A71F54B6D12C}.Release|Any CPU.ActiveCfg = Release|Any CPU
		{663347B3-5B7A-425D-B340-A71F54B6D12C}.Release|Any CPU.Build.0 = Release|Any CPU
	EndGlobalSection
EndGlobal
